
Microsoft Visual Studio Solution File, Format Version 12.00
# Visual Studio Version 17
VisualStudioVersion = 17.11.35312.102
MinimumVisualStudioVersion = 10.0.40219.1
Project("{FAE04EC0-301F-11D3-BF4B-00C04F79EFBC}") = "Heapsort,Quicksort,Selectiosort", "Heapsort,Quicksort,Selectiosort\Heapsort,Quicksort,Selectiosort.csproj", "{B6D4AEB6-B35D-4648-A0D7-9B73FE3B114F}"
EndProject
Global
	GlobalSection(SolutionConfigurationPlatforms) = preSolution
		Debug|Any CPU = Debug|Any CPU
		Release|Any CPU = Release|Any CPU
	EndGlobalSection
	GlobalSection(ProjectConfigurationPlatforms) = postSolution
		{B6D4AEB6-B35D-4648-A0D7-9B73FE3B114F}.Debug|Any CPU.ActiveCfg = Debug|Any CPU
		{B6D4AEB6-B35D-4648-A0D7-9B73FE3B114F}.Debug|Any CPU.Build.0 = Debug|Any CPU
		{B6D4AEB6-B35D-4648-A0D7-9B73FE3B114F}.Release|Any CPU.ActiveCfg = Release|Any CPU
		{B6D4AEB6-B35D-4648-A0D7-9B73FE3B114F}.Release|Any CPU.Build.0 = Release|Any CPU
	EndGlobalSection
	GlobalSection(SolutionProperties) = preSolution
		HideSolutionNode = FALSE
	EndGlobalSection
	GlobalSection(ExtensibilityGlobals) = postSolution
		SolutionGuid = {05C76403-CA84-4618-8028-1F660FCFFFC7}
	EndGlobalSection
EndGlobal
